
Microsoft Visual Studio Solution File, Format Version 12.00
Project("{FAE04EC0-301F-11D3-BF4B-00C04F79EFBC}") = "ConexaoSolidaria.CampaignApi.Domain", "src\ConexaoSolidaria.CampaignApi.Domain\ConexaoSolidaria.CampaignApi.Domain.csproj", "{10000000-0000-0000-0000-000000000001}"
EndProject
Project("{FAE04EC0-301F-11D3-BF4B-00C04F79EFBC}") = "ConexaoSolidaria.CampaignApi.Application", "src\ConexaoSolidaria.CampaignApi.Application\ConexaoSolidaria.CampaignApi.Application.csproj", "{10000000-0000-0000-0000-000000000002}"
EndProject
Project("{FAE04EC0-301F-11D3-BF4B-00C04F79EFBC}") = "ConexaoSolidaria.CampaignApi.Infrastructure.Data", "src\ConexaoSolidaria.CampaignApi.Infrastructure.Data\ConexaoSolidaria.CampaignApi.Infrastructure.Data.csproj", "{10000000-0000-0000-0000-000000000003}"
EndProject
Project("{FAE04EC0-301F-11D3-BF4B-00C04F79EFBC}") = "ConexaoSolidaria.CampaignApi.Infrastructure.Data.Postgresql", "src\ConexaoSolidaria.CampaignApi.Infrastructure.Data.Postgresql\ConexaoSolidaria.CampaignApi.Infrastructure.Data.Postgresql.csproj", "{10000000-0000-0000-0000-000000000004}"
EndProject
Project("{FAE04EC0-301F-11D3-BF4B-00C04F79EFBC}") = "ConexaoSolidaria.CampaignApi.Api", "src\ConexaoSolidaria.CampaignApi.Api\ConexaoSolidaria.CampaignApi.Api.csproj", "{10000000-0000-0000-0000-000000000005}"
EndProject
Project("{FAE04EC0-301F-11D3-BF4B-00C04F79EFBC}") = "ConexaoSolidaria.CampaignApi.Domain.Tests", "tests\ConexaoSolidaria.CampaignApi.Domain.Tests\ConexaoSolidaria.CampaignApi.Domain.Tests.csproj", "{10000000-0000-0000-0000-000000000006}"
EndProject
Global
	GlobalSection(SolutionConfigurationPlatforms) = preSolution
		Debug|Any CPU = Debug|Any CPU
		Release|Any CPU = Release|Any CPU
	EndGlobalSection
	GlobalSection(ProjectConfigurationPlatforms) = postSolution
		{10000000-0000-0000-0000-000000000001}.Debug|Any CPU.ActiveCfg = Debug|Any CPU
		{10000000-0000-0000-0000-000000000001}.Debug|Any CPU.Build.0 = Debug|Any CPU
		{10000000-0000-0000-0000-000000000001}.Release|Any CPU.ActiveCfg = Release|Any CPU
		{10000000-0000-0000-0000-000000000001}.Release|Any CPU.Build.0 = Release|Any CPU
		{10000000-0000-0000-0000-000000000002}.Debug|Any CPU.ActiveCfg = Debug|Any CPU
		{10000000-0000-0000-0000-000000000002}.Debug|Any CPU.Build.0 = Debug|Any CPU
		{10000000-0000-0000-0000-000000000002}.Release|Any CPU.ActiveCfg = Release|Any CPU
		{10000000-0000-0000-0000-000000000002}.Release|Any CPU.Build.0 = Release|Any CPU
		{10000000-0000-0000-0000-000000000003}.Debug|Any CPU.ActiveCfg = Debug|Any CPU
		{10000000-0000-0000-0000-000000000003}.Debug|Any CPU.Build.0 = Debug|Any CPU
		{10000000-0000-0000-0000-000000000003}.Release|Any CPU.ActiveCfg = Release|Any CPU
		{10000000-0000-0000-0000-000000000003}.Release|Any CPU.Build.0 = Release|Any CPU
		{10000000-0000-0000-0000-000000000004}.Debug|Any CPU.ActiveCfg = Debug|Any CPU
		{10000000-0000-0000-0000-000000000004}.Debug|Any CPU.Build.0 = Debug|Any CPU
		{10000000-0000-0000-0000-000000000004}.Release|Any CPU.ActiveCfg = Release|Any CPU
		{10000000-0000-0000-0000-000000000004}.Release|Any CPU.Build.0 = Release|Any CPU
		{10000000-0000-0000-0000-000000000005}.Debug|Any CPU.ActiveCfg = Debug|Any CPU
		{10000000-0000-0000-0000-000000000005}.Debug|Any CPU.Build.0 = Debug|Any CPU
		{10000000-0000-0000-0000-000000000005}.Release|Any CPU.ActiveCfg = Release|Any CPU
		{10000000-0000-0000-0000-000000000005}.Release|Any CPU.Build.0 = Release|Any CPU
		{10000000-0000-0000-0000-000000000006}.Debug|Any CPU.ActiveCfg = Debug|Any CPU
		{10000000-0000-0000-0000-000000000006}.Debug|Any CPU.Build.0 = Debug|Any CPU
		{10000000-0000-0000-0000-000000000006}.Release|Any CPU.ActiveCfg = Release|Any CPU
		{10000000-0000-0000-0000-000000000006}.Release|Any CPU.Build.0 = Release|Any CPU
	EndGlobalSection
EndGlobal
